
Microsoft Visual Studio Solution File, Format Version 12.00
# Visual Studio 2013
VisualStudioVersion = 12.0.30501.0
MinimumVisualStudioVersion = 10.0.40219.1
Project("{FAE04EC0-301F-11D3-BF4B-00C04F79EFBC}") = "IdentityBase", "IdentityBase\IdentityBase.csproj", "{9BD7FF36-F97C-4413-8583-1A53470C79EF}"
EndProject
Project("{FAE04EC0-301F-11D3-BF4B-00C04F79EFBC}") = "Persistance", "Persistance\Persistance.csproj", "{494A556F-63A9-4180-8014-A98B379F4FBA}"
EndProject
Project("{2150E333-8FDC-42A3-9474-1A3956D46DE8}") = ".nuget", ".nuget", "{23B01891-E58A-4731-B80D-E67AD3F76376}"
	ProjectSection(SolutionItems) = preProject
		.nuget\NuGet.Config = .nuget\NuGet.Config
		.nuget\NuGet.exe = .nuget\NuGet.exe
		.nuget\NuGet.targets = .nuget\NuGet.targets
	EndProjectSection
EndProject
Project("{FAE04EC0-301F-11D3-BF4B-00C04F79EFBC}") = "Entities", "Entities\Entities.csproj", "{AA95429A-4812-472F-B867-E642F27834D2}"
EndProject
Project("{FAE04EC0-301F-11D3-BF4B-00C04F79EFBC}") = "Services", "Services\Services.csproj", "{0081A931-9576-4662-8CD7-BCE2CCF433EB}"
EndProject
Global
	GlobalSection(SolutionConfigurationPlatforms) = preSolution
		Debug|Any CPU = Debug|Any CPU
		Release|Any CPU = Release|Any CPU
	EndGlobalSection
	GlobalSection(ProjectConfigurationPlatforms) = postSolution
		{9BD7FF36-F97C-4413-8583-1A53470C79EF}.Debug|Any CPU.ActiveCfg = Debug|Any CPU
		{9BD7FF36-F97C-4413-8583-1A53470C79EF}.Debug|Any CPU.Build.0 = Debug|Any CPU
		{9BD7FF36-F97C-4413-8583-1A53470C79EF}.Release|Any CPU.ActiveCfg = Release|Any CPU
		{9BD7FF36-F97C-4413-8583-1A53470C79EF}.Release|Any CPU.Build.0 = Release|Any CPU
		{494A556F-63A9-4180-8014-A98B379F4FBA}.Debug|Any CPU.ActiveCfg = Debug|Any CPU
		{494A556F-63A9-4180-8014-A98B379F4FBA}.Debug|Any CPU.Build.0 = Debug|Any CPU
		{494A556F-63A9-4180-8014-A98B379F4FBA}.Release|Any CPU.ActiveCfg = Release|Any CPU
		{494A556F-63A9-4180-8014-A98B379F4FBA}.Release|Any CPU.Build.0 = Release|Any CPU
		{AA95429A-4812-472F-B867-E642F27834D2}.Debug|Any CPU.ActiveCfg = Debug|Any CPU
		{AA95429A-4812-472F-B867-E642F27834D2}.Debug|Any CPU.Build.0 = Debug|Any CPU
		{AA95429A-4812-472F-B867-E642F27834D2}.Release|Any CPU.ActiveCfg = Release|Any CPU
		{AA95429A-4812-472F-B867-E642F27834D2}.Release|Any CPU.Build.0 = Release|Any CPU
		{0081A931-9576-4662-8CD7-BCE2CCF433EB}.Debug|Any CPU.ActiveCfg = Debug|Any CPU
		{0081A931-9576-4662-8CD7-BCE2CCF433EB}.Debug|Any CPU.Build.0 = Debug|Any CPU
		{0081A931-9576-4662-8CD7-BCE2CCF433EB}.Release|Any CPU.ActiveCfg = Release|Any CPU
		{0081A931-9576-4662-8CD7-BCE2CCF433EB}.Release|Any CPU.Build.0 = Release|Any CPU
	EndGlobalSection
	GlobalSection(SolutionProperties) = preSolution
		HideSolutionNode = FALSE
	EndGlobalSection
	GlobalSection(Performance) = preSolution
		HasPerformanceSessions = true
	EndGlobalSection
EndGlobal
